<Solution>
  <Project Path="TL1.Runtime.csproj" />
  <Project Path="TL2BoundaryTests.csproj" />
  <Project Path="TL2.Test.csproj" />
  <Project Path="ScoreAssembly.csproj" />
  <Project Path="TL2+runtime.csproj" />
  <Project Path="scoring.csproj" />
  <Project Path="TL2StressTests.csproj" />
  <Project Path="PlayModeTests.csproj" />
  <Project Path="Assembly-CSharp.csproj" />
  <Project Path="Tests.csproj" />
  <Project Path="TL4StressTests.csproj" />
  <Project Path="TL3test.csproj" />
  <Project Path="TL5.Gameplay.csproj" />
  <Project Path="Pizza.csproj" />
  <Project Path="TL4BoundaryTests.csproj" />
  <Project Path="Stresstest.csproj" />
</Solution>
